
Microsoft Visual Studio Solution File, Format Version 12.00
# Visual Studio Version 17
VisualStudioVersion = 17.10.35013.160
MinimumVisualStudioVersion = 10.0.40219.1
Project("{9A19103F-16F7-4668-BE54-9A1E7A4F7556}") = "GraphStuff", "AICamp24\GraphStuff.csproj", "{8E579F76-6966-44DC-97F3-CFC9C997A3DA}"
EndProject
Project("{9A19103F-16F7-4668-BE54-9A1E7A4F7556}") = "Library", "Library\Library.csproj", "{E89DF143-4304-4628-BB1C-2F4BE5331804}"
EndProject
Project("{9A19103F-16F7-4668-BE54-9A1E7A4F7556}") = "8Puzzel", "8PuzzelAI\8Puzzel.csproj", "{6EAFB88F-D79A-49F2-B89F-4023F2696BC0}"
EndProject
Project("{FAE04EC0-301F-11D3-BF4B-00C04F79EFBC}") = "TwoPlusTwo", "TwoPlusTwo\TwoPlusTwo.csproj", "{1D5186B9-0993-4E08-8E43-68B50E3A951B}"
EndProject
Global
	GlobalSection(SolutionConfigurationPlatforms) = preSolution
		Debug|Any CPU = Debug|Any CPU
		Release|Any CPU = Release|Any CPU
	EndGlobalSection
	GlobalSection(ProjectConfigurationPlatforms) = postSolution
		{8E579F76-6966-44DC-97F3-CFC9C997A3DA}.Debug|Any CPU.ActiveCfg = Debug|Any CPU
		{8E579F76-6966-44DC-97F3-CFC9C997A3DA}.Debug|Any CPU.Build.0 = Debug|Any CPU
		{8E579F76-6966-44DC-97F3-CFC9C997A3DA}.Release|Any CPU.ActiveCfg = Release|Any CPU
		{8E579F76-6966-44DC-97F3-CFC9C997A3DA}.Release|Any CPU.Build.0 = Release|Any CPU
		{E89DF143-4304-4628-BB1C-2F4BE5331804}.Debug|Any CPU.ActiveCfg = Debug|Any CPU
		{E89DF143-4304-4628-BB1C-2F4BE5331804}.Debug|Any CPU.Build.0 = Debug|Any CPU
		{E89DF143-4304-4628-BB1C-2F4BE5331804}.Release|Any CPU.ActiveCfg = Release|Any CPU
		{E89DF143-4304-4628-BB1C-2F4BE5331804}.Release|Any CPU.Build.0 = Release|Any CPU
		{6EAFB88F-D79A-49F2-B89F-4023F2696BC0}.Debug|Any CPU.ActiveCfg = Debug|Any CPU
		{6EAFB88F-D79A-49F2-B89F-4023F2696BC0}.Debug|Any CPU.Build.0 = Debug|Any CPU
		{6EAFB88F-D79A-49F2-B89F-4023F2696BC0}.Release|Any CPU.ActiveCfg = Release|Any CPU
		{6EAFB88F-D79A-49F2-B89F-4023F2696BC0}.Release|Any CPU.Build.0 = Release|Any CPU
		{1D5186B9-0993-4E08-8E43-68B50E3A951B}.Debug|Any CPU.ActiveCfg = Debug|Any CPU
		{1D5186B9-0993-4E08-8E43-68B50E3A951B}.Debug|Any CPU.Build.0 = Debug|Any CPU
		{1D5186B9-0993-4E08-8E43-68B50E3A951B}.Release|Any CPU.ActiveCfg = Release|Any CPU
		{1D5186B9-0993-4E08-8E43-68B50E3A951B}.Release|Any CPU.Build.0 = Release|Any CPU
	EndGlobalSection
	GlobalSection(SolutionProperties) = preSolution
		HideSolutionNode = FALSE
	EndGlobalSection
	GlobalSection(ExtensibilityGlobals) = postSolution
		SolutionGuid = {43524B9F-4C13-4090-B12B-794EF1F4FAB0}
	EndGlobalSection
EndGlobal
